PODS:
  - ffmpeg_kit_next_flutter (6.1.2):
    - FlutterMacOS
  - FlutterMacOS (1.0.0)
  - video_player_avfoundation (0.0.1):
    - Flutter
    - FlutterMacOS

DEPENDENCIES:
  - ffmpeg_kit_next_flutter (from `Flutter/ephemeral/.symlinks/plugins/ffmpeg_kit_next_flutter/macos`)
  - FlutterMacOS (from `Flutter/ephemeral`)
  - video_player_avfoundation (from `Flutter/ephemeral/.symlinks/plugins/video_player_avfoundation/darwin`)

EXTERNAL SOURCES:
  ffmpeg_kit_next_flutter:
    :path: Flutter/ephemeral/.symlinks/plugins/ffmpeg_kit_next_flutter/macos
  FlutterMacOS:
    :path: Flutter/ephemeral
  video_player_avfoundation:
    :path: Flutter/ephemeral/.symlinks/plugins/video_player_avfoundation/darwin

SPEC CHECKSUMS:
  ffmpeg_kit_next_flutter: f9f3beecafeab697ffa0c430a0e58c14fc27a86d
  FlutterMacOS: d0db08ddef1a9af05a5ec4b724367152bb0500b1
  video_player_avfoundation: 3453f792138786248960ca029747fcd9f318ef52

PODFILE CHECKSUM: c360525d667a69ab273124af22cc820fe762d232

COCOAPODS: 1.16.2
