PODS:
  - ffmpeg_kit_next_flutter (8.1.0):
    - Flutter
  - Flutter (1.0.0)
  - fluttertoast (0.0.2):
    - Flutter
  - video_player_avfoundation (0.0.1):
    - Flutter
    - FlutterMacOS

DEPENDENCIES:
  - ffmpeg_kit_next_flutter (from `.symlinks/plugins/ffmpeg_kit_next_flutter/ios`)
  - Flutter (from `Flutter`)
  - fluttertoast (from `.symlinks/plugins/fluttertoast/ios`)
  - video_player_avfoundation (from `.symlinks/plugins/video_player_avfoundation/darwin`)

EXTERNAL SOURCES:
  ffmpeg_kit_next_flutter:
    :path: ".symlinks/plugins/ffmpeg_kit_next_flutter/ios"
  Flutter:
    :path: Flutter
  fluttertoast:
    :path: ".symlinks/plugins/fluttertoast/ios"
  video_player_avfoundation:
    :path: ".symlinks/plugins/video_player_avfoundation/darwin"

SPEC CHECKSUMS:
  ffmpeg_kit_next_flutter: c8a718f33b9f992134176593c0f84e71c879d395
  Flutter: cabc95a1d2626b1b06e7179b784ebcf0c0cde467
  fluttertoast: fe6790210fdba20801685be946e3a2124b72eef5
  video_player_avfoundation: 3453f792138786248960ca029747fcd9f318ef52

PODFILE CHECKSUM: 3ebffab2f749ad2d229b6bde2f07c5184193414c

COCOAPODS: 1.16.2
